{
    "name": "textlint-plugin-rfc-xml",
    "lockfileVersion": 3,
    "requires": true,
    "packages": {
        "": {
            "name": "textlint-plugin-rfc-xml",
            "dependencies": {
                "@types/traverse": "^0.6.32",
                "match-index": "^1.0.3",
                "rehype-parse": "^8.0.4",
                "structured-source": "^4.0.0",
                "textlint-rule-helper": "^2.3.0",
                "unified": "^11.0.0"
            }
        },
        "node_modules/@textlint/ast-node-types": {
            "version": "13.3.3",
            "resolved": "https://registry.npmjs.org/@textlint/ast-node-types/-/ast-node-types-13.3.3.tgz",
            "integrity": "sha512-KCpJppfX3Km69twa6SmVEJ8mkyAZSrxw3XaaLQSlpc7PWnLUJSCHGPVECI1nSUDhiTd1r6zlRvWuyIAZJiov+A=="
        },
        "node_modules/@types/hast": {
            "version": "2.3.5",
            "resolved": "https://registry.npmjs.org/@types/hast/-/hast-2.3.5.tgz",
            "integrity": "sha512-SvQi0L/lNpThgPoleH53cdjB3y9zpLlVjRbqB3rH8hx1jiRSBGAhyjV3H+URFjNVRqt2EdYNrbZE5IsGlNfpRg==",
            "dependencies": {
                "@types/unist": "^2"
            }
        },
        "node_modules/@types/traverse": {
            "version": "0.6.32",
            "resolved": "https://registry.npmjs.org/@types/traverse/-/traverse-0.6.32.tgz",
            "integrity": "sha512-RBz2uRZVCXuMg93WD//aTS5B120QlT4lR/gL+935QtGsKHLS6sCtZBaKfWjIfk7ZXv/r8mtGbwjVIee6/3XTow=="
        },
        "node_modules/@types/unist": {
            "version": "2.0.7",
            "resolved": "https://registry.npmjs.org/@types/unist/-/unist-2.0.7.tgz",
            "integrity": "sha512-cputDpIbFgLUaGQn6Vqg3/YsJwxUwHLO13v3i5ouxT4lat0khip9AEWxtERujXV9wxIB1EyF97BSJFt6vpdI8g=="
        },
        "node_modules/@ungap/structured-clone": {
            "version": "1.2.0",
            "resolved": "https://registry.npmjs.org/@ungap/structured-clone/-/structured-clone-1.2.0.tgz",
            "integrity": "sha512-zuVdFrMJiuCDQUMCzQaD6KL28MjnqqN8XnAqiEq9PNm/hCPTSGfrXCOfwj1ow4LFb/tNymJPwsNbVePc1xFqrQ=="
        },
        "node_modules/bail": {
            "version": "2.0.2",
            "resolved": "https://registry.npmjs.org/bail/-/bail-2.0.2.tgz",
            "integrity": "sha512-0xO6mYd7JB2YesxDKplafRpsiOzPt9V02ddPCLbY1xYGPOX24NTyN50qnUxgCPcSoYMhKpAuBTjQoRZCAkUDRw==",
            "funding": {
                "type": "github",
                "url": "https://github.com/sponsors/wooorm"
            }
        },
        "node_modules/boundary": {
            "version": "2.0.0",
            "resolved": "https://registry.npmjs.org/boundary/-/boundary-2.0.0.tgz",
            "integrity": "sha512-rJKn5ooC9u8q13IMCrW0RSp31pxBCHE3y9V/tp3TdWSLf8Em3p6Di4NBpfzbJge9YjjFEsD0RtFEjtvHL5VyEA=="
        },
        "node_modules/call-bind": {
            "version": "1.0.2",
            "resolved": "https://registry.npmjs.org/call-bind/-/call-bind-1.0.2.tgz",
            "integrity": "sha512-7O+FbCihrB5WGbFYesctwmTKae6rOiIzmz1icreWJ+0aA7LJfuqhEso2T9ncpcFtzMQtzXf2QGGueWJGTYsqrA==",
            "dependencies": {
                "function-bind": "^1.1.1",
                "get-intrinsic": "^1.0.2"
            },
            "funding": {
                "url": "https://github.com/sponsors/ljharb"
            }
        },
        "node_modules/comma-separated-tokens": {
            "version": "2.0.3",
            "resolved": "https://registry.npmjs.org/comma-separated-tokens/-/comma-separated-tokens-2.0.3.tgz",
            "integrity": "sha512-Fu4hJdvzeylCfQPp9SGWidpzrMs7tTrlu6Vb8XGaRGck8QSNZJJp538Wrb60Lax4fPwR64ViY468OIUTbRlGZg==",
            "funding": {
                "type": "github",
                "url": "https://github.com/sponsors/wooorm"
            }
        },
        "node_modules/define-properties": {
            "version": "1.2.0",
            "resolved": "https://registry.npmjs.org/define-properties/-/define-properties-1.2.0.tgz",
            "integrity": "sha512-xvqAVKGfT1+UAvPwKTVw/njhdQ8ZhXK4lI0bCIuCMrp2up9nPnaDftrLtmpTazqd1o+UY4zgzU+avtMbDP+ldA==",
            "dependencies": {
                "has-property-descriptors": "^1.0.0",
                "object-keys": "^1.1.1"
            },
            "engines": {
                "node": ">= 0.4"
            },
            "funding": {
                "url": "https://github.com/sponsors/ljharb"
            }
        },
        "node_modules/dequal": {
            "version": "2.0.3",
            "resolved": "https://registry.npmjs.org/dequal/-/dequal-2.0.3.tgz",
            "integrity": "sha512-0je+qPKHEMohvfRTCEo3CrPG6cAzAYgmzKyxRiYSSDkS6eGJdyVJm7WaYA5ECaAD9wLB2T4EEeymA5aFVcYXCA==",
            "engines": {
                "node": ">=6"
            }
        },
        "node_modules/devlop": {
            "version": "1.1.0",
            "resolved": "https://registry.npmjs.org/devlop/-/devlop-1.1.0.tgz",
            "integrity": "sha512-RWmIqhcFf1lRYBvNmr7qTNuyCt/7/ns2jbpp1+PalgE/rDQcBT0fioSMUpJ93irlUhC5hrg4cYqe6U+0ImW0rA==",
            "dependencies": {
                "dequal": "^2.0.0"
            },
            "funding": {
                "type": "github",
                "url": "https://github.com/sponsors/wooorm"
            }
        },
        "node_modules/extend": {
            "version": "3.0.2",
            "resolved": "https://registry.npmjs.org/extend/-/extend-3.0.2.tgz",
            "integrity": "sha512-fjquC59cD7CyW6urNXK0FBufkZcoiGG80wTuPujX590cB5Ttln20E2UB4S/WARVqhXffZl2LNgS+gQdPIIim/g=="
        },
        "node_modules/function-bind": {
            "version": "1.1.1",
            "resolved": "https://registry.npmjs.org/function-bind/-/function-bind-1.1.1.tgz",
            "integrity": "sha512-yIovAzMX49sF8Yl58fSCWJ5svSLuaibPxXQJFLmBObTuCr0Mf1KiPopGM9NiFjiYBCbfaa2Fh6breQ6ANVTI0A=="
        },
        "node_modules/functions-have-names": {
            "version": "1.2.3",
            "resolved": "https://registry.npmjs.org/functions-have-names/-/functions-have-names-1.2.3.tgz",
            "integrity": "sha512-xckBUXyTIqT97tq2x2AMb+g163b5JFysYk0x4qxNFwbfQkmNZoiRHb6sPzI9/QV33WeuvVYBUIiD4NzNIyqaRQ==",
            "funding": {
                "url": "https://github.com/sponsors/ljharb"
            }
        },
        "node_modules/get-intrinsic": {
            "version": "1.2.1",
            "resolved": "https://registry.npmjs.org/get-intrinsic/-/get-intrinsic-1.2.1.tgz",
            "integrity": "sha512-2DcsyfABl+gVHEfCOaTrWgyt+tb6MSEGmKq+kI5HwLbIYgjgmMcV8KQ41uaKz1xxUcn9tJtgFbQUEVcEbd0FYw==",
            "dependencies": {
                "function-bind": "^1.1.1",
                "has": "^1.0.3",
                "has-proto": "^1.0.1",
                "has-symbols": "^1.0.3"
            },
            "funding": {
                "url": "https://github.com/sponsors/ljharb"
            }
        },
        "node_modules/has": {
            "version": "1.0.3",
            "resolved": "https://registry.npmjs.org/has/-/has-1.0.3.tgz",
            "integrity": "sha512-f2dvO0VU6Oej7RkWJGrehjbzMAjFp5/VKPp5tTpWIV4JHHZK1/BxbFRtf/siA2SWTe09caDmVtYYzWEIbBS4zw==",
            "dependencies": {
                "function-bind": "^1.1.1"
            },
            "engines": {
                "node": ">= 0.4.0"
            }
        },
        "node_modules/has-property-descriptors": {
            "version": "1.0.0",
            "resolved": "https://registry.npmjs.org/has-property-descriptors/-/has-property-descriptors-1.0.0.tgz",
            "integrity": "sha512-62DVLZGoiEBDHQyqG4w9xCuZ7eJEwNmJRWw2VY84Oedb7WFcA27fiEVe8oUQx9hAUJ4ekurquucTGwsyO1XGdQ==",
            "dependencies": {
                "get-intrinsic": "^1.1.1"
            },
            "funding": {
                "url": "https://github.com/sponsors/ljharb"
            }
        },
        "node_modules/has-proto": {
            "version": "1.0.1",
            "resolved": "https://registry.npmjs.org/has-proto/-/has-proto-1.0.1.tgz",
            "integrity": "sha512-7qE+iP+O+bgF9clE5+UoBFzE65mlBiVj3tKCrlNQ0Ogwm0BjpT/gK4SlLYDMybDh5I3TCTKnPPa0oMG7JDYrhg==",
            "engines": {
                "node": ">= 0.4"
            },
            "funding": {
                "url": "https://github.com/sponsors/ljharb"
            }
        },
        "node_modules/has-symbols": {
            "version": "1.0.3",
            "resolved": "https://registry.npmjs.org/has-symbols/-/has-symbols-1.0.3.tgz",
            "integrity": "sha512-l3LCuF6MgDNwTDKkdYGEihYjt5pRPbEg46rtlmnSPlUbgmB8LOIrKJbYYFBSbnPaJexMKtiPO8hmeRjRz2Td+A==",
            "engines": {
                "node": ">= 0.4"
            },
            "funding": {
                "url": "https://github.com/sponsors/ljharb"
            }
        },
        "node_modules/hast-util-from-parse5": {
            "version": "7.1.2",
            "resolved": "https://registry.npmjs.org/hast-util-from-parse5/-/hast-util-from-parse5-7.1.2.tgz",
            "integrity": "sha512-Nz7FfPBuljzsN3tCQ4kCBKqdNhQE2l0Tn+X1ubgKBPRoiDIu1mL08Cfw4k7q71+Duyaw7DXDN+VTAp4Vh3oCOw==",
            "dependencies": {
                "@types/hast": "^2.0.0",
                "@types/unist": "^2.0.0",
                "hastscript": "^7.0.0",
                "property-information": "^6.0.0",
                "vfile": "^5.0.0",
                "vfile-location": "^4.0.0",
                "web-namespaces": "^2.0.0"
            },
            "funding": {
                "type": "opencollective",
                "url": "https://opencollective.com/unified"
            }
        },
        "node_modules/hast-util-from-parse5/node_modules/unist-util-stringify-position": {
            "version": "3.0.3",
            "resolved": "https://registry.npmjs.org/unist-util-stringify-position/-/unist-util-stringify-position-3.0.3.tgz",
            "integrity": "sha512-k5GzIBZ/QatR8N5X2y+drfpWG8IDBzdnVj6OInRNWm1oXrzydiaAT2OQiA8DPRRZyAKb9b6I2a6PxYklZD0gKg==",
            "dependencies": {
                "@types/unist": "^2.0.0"
            },
            "funding": {
                "type": "opencollective",
                "url": "https://opencollective.com/unified"
            }
        },
        "node_modules/hast-util-from-parse5/node_modules/vfile": {
            "version": "5.3.7",
            "resolved": "https://registry.npmjs.org/vfile/-/vfile-5.3.7.tgz",
            "integrity": "sha512-r7qlzkgErKjobAmyNIkkSpizsFPYiUPuJb5pNW1RB4JcYVZhs4lIbVqk8XPk033CV/1z8ss5pkax8SuhGpcG8g==",
            "dependencies": {
                "@types/unist": "^2.0.0",
                "is-buffer": "^2.0.0",
                "unist-util-stringify-position": "^3.0.0",
                "vfile-message": "^3.0.0"
            },
            "funding": {
                "type": "opencollective",
                "url": "https://opencollective.com/unified"
            }
        },
        "node_modules/hast-util-from-parse5/node_modules/vfile-message": {
            "version": "3.1.4",
            "resolved": "https://registry.npmjs.org/vfile-message/-/vfile-message-3.1.4.tgz",
            "integrity": "sha512-fa0Z6P8HUrQN4BZaX05SIVXic+7kE3b05PWAtPuYP9QLHsLKYR7/AlLW3NtOrpXRLeawpDLMsVkmk5DG0NXgWw==",
            "dependencies": {
                "@types/unist": "^2.0.0",
                "unist-util-stringify-position": "^3.0.0"
            },
            "funding": {
                "type": "opencollective",
                "url": "https://opencollective.com/unified"
            }
        },
        "node_modules/hast-util-parse-selector": {
            "version": "3.1.1",
            "resolved": "https://registry.npmjs.org/hast-util-parse-selector/-/hast-util-parse-selector-3.1.1.tgz",
            "integrity": "sha512-jdlwBjEexy1oGz0aJ2f4GKMaVKkA9jwjr4MjAAI22E5fM/TXVZHuS5OpONtdeIkRKqAaryQ2E9xNQxijoThSZA==",
            "dependencies": {
                "@types/hast": "^2.0.0"
            },
            "funding": {
                "type": "opencollective",
                "url": "https://opencollective.com/unified"
            }
        },
        "node_modules/hastscript": {
            "version": "7.2.0",
            "resolved": "https://registry.npmjs.org/hastscript/-/hastscript-7.2.0.tgz",
            "integrity": "sha512-TtYPq24IldU8iKoJQqvZOuhi5CyCQRAbvDOX0x1eW6rsHSxa/1i2CCiptNTotGHJ3VoHRGmqiv6/D3q113ikkw==",
            "dependencies": {
                "@types/hast": "^2.0.0",
                "comma-separated-tokens": "^2.0.0",
                "hast-util-parse-selector": "^3.0.0",
                "property-information": "^6.0.0",
                "space-separated-tokens": "^2.0.0"
            },
            "funding": {
                "type": "opencollective",
                "url": "https://opencollective.com/unified"
            }
        },
        "node_modules/is-buffer": {
            "version": "2.0.5",
            "resolved": "https://registry.npmjs.org/is-buffer/-/is-buffer-2.0.5.tgz",
            "integrity": "sha512-i2R6zNFDwgEHJyQUtJEk0XFi1i0dPFn/oqjK3/vPCcDeJvW5NQ83V8QbicfF1SupOaB0h8ntgBC2YiE7dfyctQ==",
            "funding": [
                {
                    "type": "github",
                    "url": "https://github.com/sponsors/feross"
                },
                {
                    "type": "patreon",
                    "url": "https://www.patreon.com/feross"
                },
                {
                    "type": "consulting",
                    "url": "https://feross.org/support"
                }
            ],
            "engines": {
                "node": ">=4"
            }
        },
        "node_modules/is-plain-obj": {
            "version": "4.1.0",
            "resolved": "https://registry.npmjs.org/is-plain-obj/-/is-plain-obj-4.1.0.tgz",
            "integrity": "sha512-+Pgi+vMuUNkJyExiMBt5IlFoMyKnr5zhJ4Uspz58WOhBF5QoIZkFyNHIbBAtHwzVAgk5RtndVNsDRN61/mmDqg==",
            "engines": {
                "node": ">=12"
            },
            "funding": {
                "url": "https://github.com/sponsors/sindresorhus"
            }
        },
        "node_modules/match-index": {
            "version": "1.0.3",
            "resolved": "https://registry.npmjs.org/match-index/-/match-index-1.0.3.tgz",
            "integrity": "sha512-1XjyBWqCvEFFUDW/MPv0RwbITRD4xQXOvKoPYtLDq8IdZTfdF/cQSo5Yn4qvhfSSZgjgkTFsqJD2wOUG4ovV8Q==",
            "dependencies": {
                "regexp.prototype.flags": "^1.1.1"
            }
        },
        "node_modules/object-keys": {
            "version": "1.1.1",
            "resolved": "https://registry.npmjs.org/object-keys/-/object-keys-1.1.1.tgz",
            "integrity": "sha512-NuAESUOUMrlIXOfHKzD6bpPu3tYt3xvjNdRIQ+FeT0lNb4K8WR70CaDxhuNguS2XG+GjkyMwOzsN5ZktImfhLA==",
            "engines": {
                "node": ">= 0.4"
            }
        },
        "node_modules/parse5": {
            "version": "6.0.1",
            "resolved": "https://registry.npmjs.org/parse5/-/parse5-6.0.1.tgz",
            "integrity": "sha512-Ofn/CTFzRGTTxwpNEs9PP93gXShHcTq255nzRYSKe8AkVpZY7e1fpmTfOyoIvjP5HG7Z2ZM7VS9PPhQGW2pOpw=="
        },
        "node_modules/property-information": {
            "version": "6.2.0",
            "resolved": "https://registry.npmjs.org/property-information/-/property-information-6.2.0.tgz",
            "integrity": "sha512-kma4U7AFCTwpqq5twzC1YVIDXSqg6qQK6JN0smOw8fgRy1OkMi0CYSzFmsy6dnqSenamAtj0CyXMUJ1Mf6oROg==",
            "funding": {
                "type": "github",
                "url": "https://github.com/sponsors/wooorm"
            }
        },
        "node_modules/regexp.prototype.flags": {
            "version": "1.5.0",
            "resolved": "https://registry.npmjs.org/regexp.prototype.flags/-/regexp.prototype.flags-1.5.0.tgz",
            "integrity": "sha512-0SutC3pNudRKgquxGoRGIz946MZVHqbNfPjBdxeOhBrdgDKlRoXmYLQN9xRbrR09ZXWeGAdPuif7egofn6v5LA==",
            "dependencies": {
                "call-bind": "^1.0.2",
                "define-properties": "^1.2.0",
                "functions-have-names": "^1.2.3"
            },
            "engines": {
                "node": ">= 0.4"
            },
            "funding": {
                "url": "https://github.com/sponsors/ljharb"
            }
        },
        "node_modules/rehype-parse": {
            "version": "8.0.4",
            "resolved": "https://registry.npmjs.org/rehype-parse/-/rehype-parse-8.0.4.tgz",
            "integrity": "sha512-MJJKONunHjoTh4kc3dsM1v3C9kGrrxvA3U8PxZlP2SjH8RNUSrb+lF7Y0KVaUDnGH2QZ5vAn7ulkiajM9ifuqg==",
            "dependencies": {
                "@types/hast": "^2.0.0",
                "hast-util-from-parse5": "^7.0.0",
                "parse5": "^6.0.0",
                "unified": "^10.0.0"
            },
            "funding": {
                "type": "opencollective",
                "url": "https://opencollective.com/unified"
            }
        },
        "node_modules/rehype-parse/node_modules/unified": {
            "version": "10.1.2",
            "resolved": "https://registry.npmjs.org/unified/-/unified-10.1.2.tgz",
            "integrity": "sha512-pUSWAi/RAnVy1Pif2kAoeWNBa3JVrx0MId2LASj8G+7AiHWoKZNTomq6LG326T68U7/e263X6fTdcXIy7XnF7Q==",
            "dependencies": {
                "@types/unist": "^2.0.0",
                "bail": "^2.0.0",
                "extend": "^3.0.0",
                "is-buffer": "^2.0.0",
                "is-plain-obj": "^4.0.0",
                "trough": "^2.0.0",
                "vfile": "^5.0.0"
            },
            "funding": {
                "type": "opencollective",
                "url": "https://opencollective.com/unified"
            }
        },
        "node_modules/rehype-parse/node_modules/unist-util-stringify-position": {
            "version": "3.0.3",
            "resolved": "https://registry.npmjs.org/unist-util-stringify-position/-/unist-util-stringify-position-3.0.3.tgz",
            "integrity": "sha512-k5GzIBZ/QatR8N5X2y+drfpWG8IDBzdnVj6OInRNWm1oXrzydiaAT2OQiA8DPRRZyAKb9b6I2a6PxYklZD0gKg==",
            "dependencies": {
                "@types/unist": "^2.0.0"
            },
            "funding": {
                "type": "opencollective",
                "url": "https://opencollective.com/unified"
            }
        },
        "node_modules/rehype-parse/node_modules/vfile": {
            "version": "5.3.7",
            "resolved": "https://registry.npmjs.org/vfile/-/vfile-5.3.7.tgz",
            "integrity": "sha512-r7qlzkgErKjobAmyNIkkSpizsFPYiUPuJb5pNW1RB4JcYVZhs4lIbVqk8XPk033CV/1z8ss5pkax8SuhGpcG8g==",
            "dependencies": {
                "@types/unist": "^2.0.0",
                "is-buffer": "^2.0.0",
                "unist-util-stringify-position": "^3.0.0",
                "vfile-message": "^3.0.0"
            },
            "funding": {
                "type": "opencollective",
                "url": "https://opencollective.com/unified"
            }
        },
        "node_modules/rehype-parse/node_modules/vfile-message": {
            "version": "3.1.4",
            "resolved": "https://registry.npmjs.org/vfile-message/-/vfile-message-3.1.4.tgz",
            "integrity": "sha512-fa0Z6P8HUrQN4BZaX05SIVXic+7kE3b05PWAtPuYP9QLHsLKYR7/AlLW3NtOrpXRLeawpDLMsVkmk5DG0NXgWw==",
            "dependencies": {
                "@types/unist": "^2.0.0",
                "unist-util-stringify-position": "^3.0.0"
            },
            "funding": {
                "type": "opencollective",
                "url": "https://opencollective.com/unified"
            }
        },
        "node_modules/space-separated-tokens": {
            "version": "2.0.2",
            "resolved": "https://registry.npmjs.org/space-separated-tokens/-/space-separated-tokens-2.0.2.tgz",
            "integrity": "sha512-PEGlAwrG8yXGXRjW32fGbg66JAlOAwbObuqVoJpv/mRgoWDQfgH1wDPvtzWyUSNAXBGSk8h755YDbbcEy3SH2Q==",
            "funding": {
                "type": "github",
                "url": "https://github.com/sponsors/wooorm"
            }
        },
        "node_modules/structured-source": {
            "version": "4.0.0",
            "resolved": "https://registry.npmjs.org/structured-source/-/structured-source-4.0.0.tgz",
            "integrity": "sha512-qGzRFNJDjFieQkl/sVOI2dUjHKRyL9dAJi2gCPGJLbJHBIkyOHxjuocpIEfbLioX+qSJpvbYdT49/YCdMznKxA==",
            "dependencies": {
                "boundary": "^2.0.0"
            }
        },
        "node_modules/textlint-rule-helper": {
            "version": "2.3.0",
            "resolved": "https://registry.npmjs.org/textlint-rule-helper/-/textlint-rule-helper-2.3.0.tgz",
            "integrity": "sha512-Ug78Saahb/qVImttL0NSFyT5/JJ5wXvOPepR2pYAjNi54BsQAAz/hAyyEgKuYeR0+yjFb0KPhby4f880X5vqHA==",
            "dependencies": {
                "@textlint/ast-node-types": "^13.0.2",
                "structured-source": "^4.0.0",
                "unist-util-visit": "^2.0.3"
            }
        },
        "node_modules/trough": {
            "version": "2.1.0",
            "resolved": "https://registry.npmjs.org/trough/-/trough-2.1.0.tgz",
            "integrity": "sha512-AqTiAOLcj85xS7vQ8QkAV41hPDIJ71XJB4RCUrzo/1GM2CQwhkJGaf9Hgr7BOugMRpgGUrqRg/DrBDl4H40+8g==",
            "funding": {
                "type": "github",
                "url": "https://github.com/sponsors/wooorm"
            }
        },
        "node_modules/unified": {
            "version": "11.0.0",
            "resolved": "https://registry.npmjs.org/unified/-/unified-11.0.0.tgz",
            "integrity": "sha512-65zgPyv0vyXnJpw4fbGmoXjP0/6cBmnnesl4lSPGU2tYuzLWtuicRBFcaV6kgzitGrBHj6pgXYomMw1VQe/cQg==",
            "dependencies": {
                "@types/unist": "^3.0.0",
                "@ungap/structured-clone": "^1.0.0",
                "bail": "^2.0.0",
                "devlop": "^1.0.0",
                "is-plain-obj": "^4.0.0",
                "trough": "^2.0.0",
                "vfile": "^6.0.0"
            },
            "funding": {
                "type": "opencollective",
                "url": "https://opencollective.com/unified"
            }
        },
        "node_modules/unified/node_modules/@types/unist": {
            "version": "3.0.0",
            "resolved": "https://registry.npmjs.org/@types/unist/-/unist-3.0.0.tgz",
            "integrity": "sha512-MFETx3tbTjE7Uk6vvnWINA/1iJ7LuMdO4fcq8UfF0pRbj01aGLduVvQcRyswuACJdpnHgg8E3rQLhaRdNEJS0w=="
        },
        "node_modules/unist-util-is": {
            "version": "4.1.0",
            "resolved": "https://registry.npmjs.org/unist-util-is/-/unist-util-is-4.1.0.tgz",
            "integrity": "sha512-ZOQSsnce92GrxSqlnEEseX0gi7GH9zTJZ0p9dtu87WRb/37mMPO2Ilx1s/t9vBHrFhbgweUwb+t7cIn5dxPhZg==",
            "funding": {
                "type": "opencollective",
                "url": "https://opencollective.com/unified"
            }
        },
        "node_modules/unist-util-stringify-position": {
            "version": "4.0.0",
            "resolved": "https://registry.npmjs.org/unist-util-stringify-position/-/unist-util-stringify-position-4.0.0.tgz",
            "integrity": "sha512-0ASV06AAoKCDkS2+xw5RXJywruurpbC4JZSm7nr7MOt1ojAzvyyaO+UxZf18j8FCF6kmzCZKcAgN/yu2gm2XgQ==",
            "dependencies": {
                "@types/unist": "^3.0.0"
            },
            "funding": {
                "type": "opencollective",
                "url": "https://opencollective.com/unified"
            }
        },
        "node_modules/unist-util-stringify-position/node_modules/@types/unist": {
            "version": "3.0.0",
            "resolved": "https://registry.npmjs.org/@types/unist/-/unist-3.0.0.tgz",
            "integrity": "sha512-MFETx3tbTjE7Uk6vvnWINA/1iJ7LuMdO4fcq8UfF0pRbj01aGLduVvQcRyswuACJdpnHgg8E3rQLhaRdNEJS0w=="
        },
        "node_modules/unist-util-visit": {
            "version": "2.0.3",
            "resolved": "https://registry.npmjs.org/unist-util-visit/-/unist-util-visit-2.0.3.tgz",
            "integrity": "sha512-iJ4/RczbJMkD0712mGktuGpm/U4By4FfDonL7N/9tATGIF4imikjOuagyMY53tnZq3NP6BcmlrHhEKAfGWjh7Q==",
            "dependencies": {
                "@types/unist": "^2.0.0",
                "unist-util-is": "^4.0.0",
                "unist-util-visit-parents": "^3.0.0"
            },
            "funding": {
                "type": "opencollective",
                "url": "https://opencollective.com/unified"
            }
        },
        "node_modules/unist-util-visit-parents": {
            "version": "3.1.1",
            "resolved": "https://registry.npmjs.org/unist-util-visit-parents/-/unist-util-visit-parents-3.1.1.tgz",
            "integrity": "sha512-1KROIZWo6bcMrZEwiH2UrXDyalAa0uqzWCxCJj6lPOvTve2WkfgCytoDTPaMnodXh1WrXOq0haVYHj99ynJlsg==",
            "dependencies": {
                "@types/unist": "^2.0.0",
                "unist-util-is": "^4.0.0"
            },
            "funding": {
                "type": "opencollective",
                "url": "https://opencollective.com/unified"
            }
        },
        "node_modules/vfile": {
            "version": "6.0.1",
            "resolved": "https://registry.npmjs.org/vfile/-/vfile-6.0.1.tgz",
            "integrity": "sha512-1bYqc7pt6NIADBJ98UiG0Bn/CHIVOoZ/IyEkqIruLg0mE1BKzkOXY2D6CSqQIcKqgadppE5lrxgWXJmXd7zZJw==",
            "dependencies": {
                "@types/unist": "^3.0.0",
                "unist-util-stringify-position": "^4.0.0",
                "vfile-message": "^4.0.0"
            },
            "funding": {
                "type": "opencollective",
                "url": "https://opencollective.com/unified"
            }
        },
        "node_modules/vfile-location": {
            "version": "4.1.0",
            "resolved": "https://registry.npmjs.org/vfile-location/-/vfile-location-4.1.0.tgz",
            "integrity": "sha512-YF23YMyASIIJXpktBa4vIGLJ5Gs88UB/XePgqPmTa7cDA+JeO3yclbpheQYCHjVHBn/yePzrXuygIL+xbvRYHw==",
            "dependencies": {
                "@types/unist": "^2.0.0",
                "vfile": "^5.0.0"
            },
            "funding": {
                "type": "opencollective",
                "url": "https://opencollective.com/unified"
            }
        },
        "node_modules/vfile-location/node_modules/unist-util-stringify-position": {
            "version": "3.0.3",
            "resolved": "https://registry.npmjs.org/unist-util-stringify-position/-/unist-util-stringify-position-3.0.3.tgz",
            "integrity": "sha512-k5GzIBZ/QatR8N5X2y+drfpWG8IDBzdnVj6OInRNWm1oXrzydiaAT2OQiA8DPRRZyAKb9b6I2a6PxYklZD0gKg==",
            "dependencies": {
                "@types/unist": "^2.0.0"
            },
            "funding": {
                "type": "opencollective",
                "url": "https://opencollective.com/unified"
            }
        },
        "node_modules/vfile-location/node_modules/vfile": {
            "version": "5.3.7",
            "resolved": "https://registry.npmjs.org/vfile/-/vfile-5.3.7.tgz",
            "integrity": "sha512-r7qlzkgErKjobAmyNIkkSpizsFPYiUPuJb5pNW1RB4JcYVZhs4lIbVqk8XPk033CV/1z8ss5pkax8SuhGpcG8g==",
            "dependencies": {
                "@types/unist": "^2.0.0",
                "is-buffer": "^2.0.0",
                "unist-util-stringify-position": "^3.0.0",
                "vfile-message": "^3.0.0"
            },
            "funding": {
                "type": "opencollective",
                "url": "https://opencollective.com/unified"
            }
        },
        "node_modules/vfile-location/node_modules/vfile-message": {
            "version": "3.1.4",
            "resolved": "https://registry.npmjs.org/vfile-message/-/vfile-message-3.1.4.tgz",
            "integrity": "sha512-fa0Z6P8HUrQN4BZaX05SIVXic+7kE3b05PWAtPuYP9QLHsLKYR7/AlLW3NtOrpXRLeawpDLMsVkmk5DG0NXgWw==",
            "dependencies": {
                "@types/unist": "^2.0.0",
                "unist-util-stringify-position": "^3.0.0"
            },
            "funding": {
                "type": "opencollective",
                "url": "https://opencollective.com/unified"
            }
        },
        "node_modules/vfile-message": {
            "version": "4.0.2",
            "resolved": "https://registry.npmjs.org/vfile-message/-/vfile-message-4.0.2.tgz",
            "integrity": "sha512-jRDZ1IMLttGj41KcZvlrYAaI3CfqpLpfpf+Mfig13viT6NKvRzWZ+lXz0Y5D60w6uJIBAOGq9mSHf0gktF0duw==",
            "dependencies": {
                "@types/unist": "^3.0.0",
                "unist-util-stringify-position": "^4.0.0"
            },
            "funding": {
                "type": "opencollective",
                "url": "https://opencollective.com/unified"
            }
        },
        "node_modules/vfile-message/node_modules/@types/unist": {
            "version": "3.0.0",
            "resolved": "https://registry.npmjs.org/@types/unist/-/unist-3.0.0.tgz",
            "integrity": "sha512-MFETx3tbTjE7Uk6vvnWINA/1iJ7LuMdO4fcq8UfF0pRbj01aGLduVvQcRyswuACJdpnHgg8E3rQLhaRdNEJS0w=="
        },
        "node_modules/vfile/node_modules/@types/unist": {
            "version": "3.0.0",
            "resolved": "https://registry.npmjs.org/@types/unist/-/unist-3.0.0.tgz",
            "integrity": "sha512-MFETx3tbTjE7Uk6vvnWINA/1iJ7LuMdO4fcq8UfF0pRbj01aGLduVvQcRyswuACJdpnHgg8E3rQLhaRdNEJS0w=="
        },
        "node_modules/web-namespaces": {
            "version": "2.0.1",
            "resolved": "https://registry.npmjs.org/web-namespaces/-/web-namespaces-2.0.1.tgz",
            "integrity": "sha512-bKr1DkiNa2krS7qxNtdrtHAmzuYGFQLiQ13TsorsdT6ULTkPLKuu5+GsFpDlg6JFjUTwX2DyhMPG2be8uPrqsQ==",
            "funding": {
                "type": "github",
                "url": "https://github.com/sponsors/wooorm"
            }
        }
    }
}
