{
    "name": "textlint-rule-bcp14",
    "lockfileVersion": 3,
    "requires": true,
    "packages": {
        "": {
            "name": "textlint-rule-bcp14",
            "dependencies": {
                "textlint-rule-helper": "^2.3.0"
            }
        },
        "node_modules/@textlint/ast-node-types": {
            "version": "13.3.3",
            "resolved": "https://registry.npmjs.org/@textlint/ast-node-types/-/ast-node-types-13.3.3.tgz",
            "integrity": "sha512-KCpJppfX3Km69twa6SmVEJ8mkyAZSrxw3XaaLQSlpc7PWnLUJSCHGPVECI1nSUDhiTd1r6zlRvWuyIAZJiov+A=="
        },
        "node_modules/@types/unist": {
            "version": "2.0.7",
            "resolved": "https://registry.npmjs.org/@types/unist/-/unist-2.0.7.tgz",
            "integrity": "sha512-cputDpIbFgLUaGQn6Vqg3/YsJwxUwHLO13v3i5ouxT4lat0khip9AEWxtERujXV9wxIB1EyF97BSJFt6vpdI8g=="
        },
        "node_modules/boundary": {
            "version": "2.0.0",
            "resolved": "https://registry.npmjs.org/boundary/-/boundary-2.0.0.tgz",
            "integrity": "sha512-rJKn5ooC9u8q13IMCrW0RSp31pxBCHE3y9V/tp3TdWSLf8Em3p6Di4NBpfzbJge9YjjFEsD0RtFEjtvHL5VyEA=="
        },
        "node_modules/structured-source": {
            "version": "4.0.0",
            "resolved": "https://registry.npmjs.org/structured-source/-/structured-source-4.0.0.tgz",
            "integrity": "sha512-qGzRFNJDjFieQkl/sVOI2dUjHKRyL9dAJi2gCPGJLbJHBIkyOHxjuocpIEfbLioX+qSJpvbYdT49/YCdMznKxA==",
            "dependencies": {
                "boundary": "^2.0.0"
            }
        },
        "node_modules/textlint-rule-helper": {
            "version": "2.3.0",
            "resolved": "https://registry.npmjs.org/textlint-rule-helper/-/textlint-rule-helper-2.3.0.tgz",
            "integrity": "sha512-Ug78Saahb/qVImttL0NSFyT5/JJ5wXvOPepR2pYAjNi54BsQAAz/hAyyEgKuYeR0+yjFb0KPhby4f880X5vqHA==",
            "dependencies": {
                "@textlint/ast-node-types": "^13.0.2",
                "structured-source": "^4.0.0",
                "unist-util-visit": "^2.0.3"
            }
        },
        "node_modules/unist-util-is": {
            "version": "4.1.0",
            "resolved": "https://registry.npmjs.org/unist-util-is/-/unist-util-is-4.1.0.tgz",
            "integrity": "sha512-ZOQSsnce92GrxSqlnEEseX0gi7GH9zTJZ0p9dtu87WRb/37mMPO2Ilx1s/t9vBHrFhbgweUwb+t7cIn5dxPhZg==",
            "funding": {
                "type": "opencollective",
                "url": "https://opencollective.com/unified"
            }
        },
        "node_modules/unist-util-visit": {
            "version": "2.0.3",
            "resolved": "https://registry.npmjs.org/unist-util-visit/-/unist-util-visit-2.0.3.tgz",
            "integrity": "sha512-iJ4/RczbJMkD0712mGktuGpm/U4By4FfDonL7N/9tATGIF4imikjOuagyMY53tnZq3NP6BcmlrHhEKAfGWjh7Q==",
            "dependencies": {
                "@types/unist": "^2.0.0",
                "unist-util-is": "^4.0.0",
                "unist-util-visit-parents": "^3.0.0"
            },
            "funding": {
                "type": "opencollective",
                "url": "https://opencollective.com/unified"
            }
        },
        "node_modules/unist-util-visit-parents": {
            "version": "3.1.1",
            "resolved": "https://registry.npmjs.org/unist-util-visit-parents/-/unist-util-visit-parents-3.1.1.tgz",
            "integrity": "sha512-1KROIZWo6bcMrZEwiH2UrXDyalAa0uqzWCxCJj6lPOvTve2WkfgCytoDTPaMnodXh1WrXOq0haVYHj99ynJlsg==",
            "dependencies": {
                "@types/unist": "^2.0.0",
                "unist-util-is": "^4.0.0"
            },
            "funding": {
                "type": "opencollective",
                "url": "https://opencollective.com/unified"
            }
        }
    }
}
